// !$*UTF8*$!
{
	archiveVersion = 1;
	classes = {
	};
	objectVersion = 46;
	objects = {

/* Begin PBXBuildFile section */
		1091B39926A8B06DF9F8D212 /* WapiDesignSystem.swift in Sources */ = {isa = PBXBuildFile; fileRef = E4433857A527E5BBB906B5BD /* WapiDesignSystem.swift */; };
		11B0207AA705018209FC591F /* Models.swift in Sources */ = {isa = PBXBuildFile; fileRef = 68CF36E3C51D48B17D589C03 /* Models.swift */; };
		22B016002A95269368A8048B /* WhappyApp.swift in Sources */ = {isa = PBXBuildFile; fileRef = 549B293C13503B81B6F4E529 /* WhappyApp.swift */; };
		356D23B34B46DC3F7861A4A7 /* ContentView.swift in Sources */ = {isa = PBXBuildFile; fileRef = 44A90C325ED3DA9C2494FEDD /* ContentView.swift */; };
		42E7879B72ABD4AC8A53CD8B /* LiveKit in Frameworks */ = {isa = PBXBuildFile; productRef = 10F55801F4AF129DDD92974C /* LiveKit */; };
		A4D10E6B4D0C4C9A90D81103 /* LiveKitWebRTC in Frameworks */ = {isa = PBXBuildFile; productRef = A4D10E6B4D0C4C9A90D81104 /* LiveKitWebRTC */; };
		66CBF388013B39D5151995AD /* WhappyFirebaseMessaging.swift in Sources */ = {isa = PBXBuildFile; fileRef = 2AC27F2ACD71FD215C5BBD95 /* WhappyFirebaseMessaging.swift */; };
		B282100088C6263F3B14854C /* Foundation.framework in Frameworks */ = {isa = PBXBuildFile; fileRef = BF5C886AFD6F9D4FA97FFC87 /* Foundation.framework */; };
		B346F1258F6CAB923A3CDF21 /* GoogleService-Info.plist in Resources */ = {isa = PBXBuildFile; fileRef = 1AFF8CF2C802656DA17B2A84 /* GoogleService-Info.plist */; };
		DB7A45C3B2E22313635DC31D /* Pods_Whappy.framework in Frameworks */ = {isa = PBXBuildFile; fileRef = E2050F776AB96AFFD56F5EB5 /* Pods_Whappy.framework */; };
		E60DE19429C187722C16D5A9 /* Assets.xcassets in Resources */ = {isa = PBXBuildFile; fileRef = 80C72DB54674AC9A7EEC6A1E /* Assets.xcassets */; };
		EE1E0EDE0F98EAC9A095C7C2 /* WhappyStore.swift in Sources */ = {isa = PBXBuildFile; fileRef = F7C58A6CB9B10738EE997BF3 /* WhappyStore.swift */; };
		FA187FCEAA07A10E70A6F99D /* WapiNativeLive.swift in Sources */ = {isa = PBXBuildFile; fileRef = BADA6F6434F1547AA9237126 /* WapiNativeLive.swift */; };
		A4D10E6B4D0C4C9A90D81101 /* WapiDirectCall.swift in Sources */ = {isa = PBXBuildFile; fileRef = A4D10E6B4D0C4C9A90D81102 /* WapiDirectCall.swift */; };
/* End PBXBuildFile section */

/* Begin PBXFileReference section */
		1AFF8CF2C802656DA17B2A84 /* GoogleService-Info.plist */ = {isa = PBXFileReference; includeInIndex = 1; lastKnownFileType = text.plist.xml; path = "GoogleService-Info.plist"; sourceTree = "<group>"; };
		22674B263ABC512285FBCEF1 /* Whappy.app */ = {isa = PBXFileReference; explicitFileType = wrapper.application; includeInIndex = 0; path = Whappy.app; sourceTree = BUILT_PRODUCTS_DIR; };
		2AC27F2ACD71FD215C5BBD95 /* WhappyFirebaseMessaging.swift */ = {isa = PBXFileReference; includeInIndex = 1; lastKnownFileType = sourcecode.swift; path = WhappyFirebaseMessaging.swift; sourceTree = "<group>"; };
		44A90C325ED3DA9C2494FEDD /* ContentView.swift */ = {isa = PBXFileReference; includeInIndex = 1; lastKnownFileType = sourcecode.swift; path = ContentView.swift; sourceTree = "<group>"; };
		549B293C13503B81B6F4E529 /* WhappyApp.swift */ = {isa = PBXFileReference; includeInIndex = 1; lastKnownFileType = sourcecode.swift; path = WhappyApp.swift; sourceTree = "<group>"; };
		68CF36E3C51D48B17D589C03 /* Models.swift */ = {isa = PBXFileReference; includeInIndex = 1; lastKnownFileType = sourcecode.swift; path = Models.swift; sourceTree = "<group>"; };
		80C72DB54674AC9A7EEC6A1E /* Assets.xcassets */ = {isa = PBXFileReference; includeInIndex = 1; lastKnownFileType = folder.assetcatalog; path = Assets.xcassets; sourceTree = "<group>"; };
		8DF01E3B9B3EB1F437045FC6 /* Pods-Whappy.debug.xcconfig */ = {isa = PBXFileReference; includeInIndex = 1; lastKnownFileType = text.xcconfig; name = "Pods-Whappy.debug.xcconfig"; path = "Target Support Files/Pods-Whappy/Pods-Whappy.debug.xcconfig"; sourceTree = "<group>"; };
		9BDF6D9582D819B72636E14D /* Pods-Whappy.release.xcconfig */ = {isa = PBXFileReference; includeInIndex = 1; lastKnownFileType = text.xcconfig; name = "Pods-Whappy.release.xcconfig"; path = "Target Support Files/Pods-Whappy/Pods-Whappy.release.xcconfig"; sourceTree = "<group>"; };
		BADA6F6434F1547AA9237126 /* WapiNativeLive.swift */ = {isa = PBXFileReference; includeInIndex = 1; lastKnownFileType = sourcecode.swift; path = WapiNativeLive.swift; sourceTree = "<group>"; };
		A4D10E6B4D0C4C9A90D81102 /* WapiDirectCall.swift */ = {isa = PBXFileReference; includeInIndex = 1; lastKnownFileType = sourcecode.swift; path = WapiDirectCall.swift; sourceTree = "<group>"; };
		BF5C886AFD6F9D4FA97FFC87 /* Foundation.framework */ = {isa = PBXFileReference; lastKnownFileType = wrapper.framework; name = Foundation.framework; path = Platforms/iPhoneOS.platform/Developer/SDKs/iPhoneOS26.0.sdk/System/Library/Frameworks/Foundation.framework; sourceTree = DEVELOPER_DIR; };
		E2050F776AB96AFFD56F5EB5 /* Pods_Whappy.framework */ = {isa = PBXFileReference; explicitFileType = wrapper.framework; includeInIndex = 0; path = Pods_Whappy.framework; sourceTree = BUILT_PRODUCTS_DIR; };
		E4433857A527E5BBB906B5BD /* WapiDesignSystem.swift */ = {isa = PBXFileReference; includeInIndex = 1; lastKnownFileType = sourcecode.swift; path = WapiDesignSystem.swift; sourceTree = "<group>"; };
		F7C58A6CB9B10738EE997BF3 /* WhappyStore.swift */ = {isa = PBXFileReference; includeInIndex = 1; lastKnownFileType = sourcecode.swift; path = WhappyStore.swift; sourceTree = "<group>"; };
/* End PBXFileReference section */

/* Begin PBXFrameworksBuildPhase section */
		19132C857DF4BD03B2DEF0C7 /* Frameworks */ = {
			isa = PBXFrameworksBuildPhase;
			buildActionMask = 2147483647;
			files = (
				B282100088C6263F3B14854C /* Foundation.framework in Frameworks */,
				42E7879B72ABD4AC8A53CD8B /* LiveKit in Frameworks */,
				A4D10E6B4D0C4C9A90D81103 /* LiveKitWebRTC in Frameworks */,
				DB7A45C3B2E22313635DC31D /* Pods_Whappy.framework in Frameworks */,
			);
			runOnlyForDeploymentPostprocessing = 0;
		};
/* End PBXFrameworksBuildPhase section */

/* Begin PBXGroup section */
		3928946A74C87F65CE6045AC /* Products */ = {
			isa = PBXGroup;
			children = (
				22674B263ABC512285FBCEF1 /* Whappy.app */,
			);
			name = Products;
			sourceTree = "<group>";
		};
		46DBB708AEE775E927A6E40A /* Whappy */ = {
			isa = PBXGroup;
			children = (
				E4433857A527E5BBB906B5BD /* WapiDesignSystem.swift */,
				BADA6F6434F1547AA9237126 /* WapiNativeLive.swift */,
				A4D10E6B4D0C4C9A90D81102 /* WapiDirectCall.swift */,
				549B293C13503B81B6F4E529 /* WhappyApp.swift */,
				68CF36E3C51D48B17D589C03 /* Models.swift */,
				F7C58A6CB9B10738EE997BF3 /* WhappyStore.swift */,
				2AC27F2ACD71FD215C5BBD95 /* WhappyFirebaseMessaging.swift */,
				44A90C325ED3DA9C2494FEDD /* ContentView.swift */,
				80C72DB54674AC9A7EEC6A1E /* Assets.xcassets */,
				1AFF8CF2C802656DA17B2A84 /* GoogleService-Info.plist */,
			);
			name = Whappy;
			path = Whappy;
			sourceTree = "<group>";
		};
		4ED09300F0EF39D372C4E2E1 /* Frameworks */ = {
			isa = PBXGroup;
			children = (
				5D6389DEFA13193F2AB6642D /* iOS */,
				E2050F776AB96AFFD56F5EB5 /* Pods_Whappy.framework */,
			);
			name = Frameworks;
			sourceTree = "<group>";
		};
		5BFC558BFB15BA2937D57A84 = {
			isa = PBXGroup;
			children = (
				3928946A74C87F65CE6045AC /* Products */,
				4ED09300F0EF39D372C4E2E1 /* Frameworks */,
				46DBB708AEE775E927A6E40A /* Whappy */,
				9F7D652855888EB791176D4A /* Pods */,
			);
			sourceTree = "<group>";
		};
		5D6389DEFA13193F2AB6642D /* iOS */ = {
			isa = PBXGroup;
			children = (
				BF5C886AFD6F9D4FA97FFC87 /* Foundation.framework */,
			);
			name = iOS;
			sourceTree = "<group>";
		};
		9F7D652855888EB791176D4A /* Pods */ = {
			isa = PBXGroup;
			children = (
				9BDF6D9582D819B72636E14D /* Pods-Whappy.release.xcconfig */,
				8DF01E3B9B3EB1F437045FC6 /* Pods-Whappy.debug.xcconfig */,
			);
			name = Pods;
			path = Pods;
			sourceTree = "<group>";
		};
/* End PBXGroup section */

/* Begin PBXNativeTarget section */
		0377423AA1F9EE434AA0D76D /* Whappy */ = {
			isa = PBXNativeTarget;
			buildConfigurationList = 1A8986A749BD5BC2114B4462 /* Build configuration list for PBXNativeTarget "Whappy" */;
			buildPhases = (
				AFC46534BCCEA719337AACE0 /* [CP] Check Pods Manifest.lock */,
				EE60D9206BA8DF5E9E3AB450 /* Sources */,
				19132C857DF4BD03B2DEF0C7 /* Frameworks */,
				FEEB265452EE9E1A999C9826 /* Resources */,
				C8676EA0FA4110D4F5CB09BE /* [CP] Copy Pods Resources */,
			);
			buildRules = (
			);
			dependencies = (
			);
			name = Whappy;
			packageProductDependencies = (
				10F55801F4AF129DDD92974C /* LiveKit */,
				A4D10E6B4D0C4C9A90D81104 /* LiveKitWebRTC */,
			);
			productName = Whappy;
			productReference = 22674B263ABC512285FBCEF1 /* Whappy.app */;
			productType = "com.apple.product-type.application";
		};
/* End PBXNativeTarget section */

/* Begin PBXProject section */
		5339433740005B1F452C3803 /* Project object */ = {
			isa = PBXProject;
			attributes = {
				LastSwiftUpdateCheck = 2660;
				LastUpgradeCheck = 2660;
			};
			buildConfigurationList = C1D9C3BD2A10F12F083BF446 /* Build configuration list for PBXProject "Whappy" */;
			compatibilityVersion = "Xcode 3.2";
			developmentRegion = en;
			hasScannedForEncodings = 0;
			knownRegions = (
				en,
				Base,
			);
			mainGroup = 5BFC558BFB15BA2937D57A84;
			minimizedProjectReferenceProxies = 0;
			packageReferences = (
				4BCF0168EAA4B2F5BB30CBCD /* XCRemoteSwiftPackageReference "client-sdk-swift" */,
				A4D10E6B4D0C4C9A90D81105 /* XCRemoteSwiftPackageReference "webrtc-xcframework" */,
			);
			preferredProjectObjectVersion = 100;
			productRefGroup = 3928946A74C87F65CE6045AC /* Products */;
			projectDirPath = "";
			projectRoot = "";
			targets = (
				0377423AA1F9EE434AA0D76D /* Whappy */,
			);
		};
/* End PBXProject section */

/* Begin PBXResourcesBuildPhase section */
		FEEB265452EE9E1A999C9826 /* Resources */ = {
			isa = PBXResourcesBuildPhase;
			buildActionMask = 2147483647;
			files = (
				E60DE19429C187722C16D5A9 /* Assets.xcassets in Resources */,
				B346F1258F6CAB923A3CDF21 /* GoogleService-Info.plist in Resources */,
			);
			runOnlyForDeploymentPostprocessing = 0;
		};
/* End PBXResourcesBuildPhase section */

/* Begin PBXShellScriptBuildPhase section */
		AFC46534BCCEA719337AACE0 /* [CP] Check Pods Manifest.lock */ = {
			isa = PBXShellScriptBuildPhase;
			buildActionMask = 2147483647;
			files = (
			);
			inputFileListPaths = (
			);
			inputPaths = (
				"${PODS_PODFILE_DIR_PATH}/Podfile.lock",
				"${PODS_ROOT}/Manifest.lock",
			);
			name = "[CP] Check Pods Manifest.lock";
			outputFileListPaths = (
			);
			outputPaths = (
				"$(DERIVED_FILE_DIR)/Pods-Whappy-checkManifestLockResult.txt",
			);
			runOnlyForDeploymentPostprocessing = 0;
			shellPath = /bin/sh;
			shellScript = "diff \"${PODS_PODFILE_DIR_PATH}/Podfile.lock\" \"${PODS_ROOT}/Manifest.lock\" > /dev/null\nif [ $? != 0 ] ; then\n    # print error to STDERR\n    echo \"error: The sandbox is not in sync with the Podfile.lock. Run 'pod install' or update your CocoaPods installation.\" >&2\n    exit 1\nfi\n# This output is used by Xcode 'outputs' to avoid re-running this script phase.\necho \"SUCCESS\" > \"${SCRIPT_OUTPUT_FILE_0}\"\n";
			showEnvVarsInLog = 0;
		};
		C8676EA0FA4110D4F5CB09BE /* [CP] Copy Pods Resources */ = {
			isa = PBXShellScriptBuildPhase;
			buildActionMask = 2147483647;
			files = (
			);
			inputPaths = (
				"${PODS_ROOT}/Target Support Files/Pods-Whappy/Pods-Whappy-resources.sh",
				"${PODS_CONFIGURATION_BUILD_DIR}/BoringSSL-GRPC/openssl_grpc.bundle",
				"${PODS_CONFIGURATION_BUILD_DIR}/FirebaseAuth/FirebaseAuth_Privacy.bundle",
				"${PODS_CONFIGURATION_BUILD_DIR}/FirebaseCore/FirebaseCore_Privacy.bundle",
				"${PODS_CONFIGURATION_BUILD_DIR}/FirebaseCoreExtension/FirebaseCoreExtension_Privacy.bundle",
				"${PODS_CONFIGURATION_BUILD_DIR}/FirebaseCoreInternal/FirebaseCoreInternal_Privacy.bundle",
				"${PODS_CONFIGURATION_BUILD_DIR}/FirebaseFirestore/FirebaseFirestore_Privacy.bundle",
				"${PODS_CONFIGURATION_BUILD_DIR}/FirebaseFirestoreInternal/FirebaseFirestoreInternal_Privacy.bundle",
				"${PODS_CONFIGURATION_BUILD_DIR}/FirebaseInstallations/FirebaseInstallations_Privacy.bundle",
				"${PODS_CONFIGURATION_BUILD_DIR}/FirebaseMessaging/FirebaseMessaging_Privacy.bundle",
				"${PODS_CONFIGURATION_BUILD_DIR}/GTMSessionFetcher/GTMSessionFetcher_Core_Privacy.bundle",
				"${PODS_CONFIGURATION_BUILD_DIR}/GoogleDataTransport/GoogleDataTransport_Privacy.bundle",
				"${PODS_CONFIGURATION_BUILD_DIR}/GoogleUtilities/GoogleUtilities_Privacy.bundle",
				"${PODS_CONFIGURATION_BUILD_DIR}/PromisesObjC/FBLPromises_Privacy.bundle",
				"${PODS_CONFIGURATION_BUILD_DIR}/abseil/xcprivacy.bundle",
				"${PODS_CONFIGURATION_BUILD_DIR}/gRPC-C++/gRPCCertificates-Cpp.bundle",
				"${PODS_CONFIGURATION_BUILD_DIR}/gRPC-C++/grpcpp.bundle",
				"${PODS_CONFIGURATION_BUILD_DIR}/gRPC-Core/grpc.bundle",
				"${PODS_CONFIGURATION_BUILD_DIR}/leveldb-library/leveldb_Privacy.bundle",
				"${PODS_CONFIGURATION_BUILD_DIR}/nanopb/nanopb_Privacy.bundle",
			);
			name = "[CP] Copy Pods Resources";
			outputPaths = (
				"${TARGET_BUILD_DIR}/${UNLOCALIZED_RESOURCES_FOLDER_PATH}/openssl_grpc.bundle",
				"${TARGET_BUILD_DIR}/${UNLOCALIZED_RESOURCES_FOLDER_PATH}/FirebaseAuth_Privacy.bundle",
				"${TARGET_BUILD_DIR}/${UNLOCALIZED_RESOURCES_FOLDER_PATH}/FirebaseCore_Privacy.bundle",
				"${TARGET_BUILD_DIR}/${UNLOCALIZED_RESOURCES_FOLDER_PATH}/FirebaseCoreExtension_Privacy.bundle",
				"${TARGET_BUILD_DIR}/${UNLOCALIZED_RESOURCES_FOLDER_PATH}/FirebaseCoreInternal_Privacy.bundle",
				"${TARGET_BUILD_DIR}/${UNLOCALIZED_RESOURCES_FOLDER_PATH}/FirebaseFirestore_Privacy.bundle",
				"${TARGET_BUILD_DIR}/${UNLOCALIZED_RESOURCES_FOLDER_PATH}/FirebaseFirestoreInternal_Privacy.bundle",
				"${TARGET_BUILD_DIR}/${UNLOCALIZED_RESOURCES_FOLDER_PATH}/FirebaseInstallations_Privacy.bundle",
				"${TARGET_BUILD_DIR}/${UNLOCALIZED_RESOURCES_FOLDER_PATH}/FirebaseMessaging_Privacy.bundle",
				"${TARGET_BUILD_DIR}/${UNLOCALIZED_RESOURCES_FOLDER_PATH}/GTMSessionFetcher_Core_Privacy.bundle",
				"${TARGET_BUILD_DIR}/${UNLOCALIZED_RESOURCES_FOLDER_PATH}/GoogleDataTransport_Privacy.bundle",
				"${TARGET_BUILD_DIR}/${UNLOCALIZED_RESOURCES_FOLDER_PATH}/GoogleUtilities_Privacy.bundle",
				"${TARGET_BUILD_DIR}/${UNLOCALIZED_RESOURCES_FOLDER_PATH}/FBLPromises_Privacy.bundle",
				"${TARGET_BUILD_DIR}/${UNLOCALIZED_RESOURCES_FOLDER_PATH}/xcprivacy.bundle",
				"${TARGET_BUILD_DIR}/${UNLOCALIZED_RESOURCES_FOLDER_PATH}/gRPCCertificates-Cpp.bundle",
				"${TARGET_BUILD_DIR}/${UNLOCALIZED_RESOURCES_FOLDER_PATH}/grpcpp.bundle",
				"${TARGET_BUILD_DIR}/${UNLOCALIZED_RESOURCES_FOLDER_PATH}/grpc.bundle",
				"${TARGET_BUILD_DIR}/${UNLOCALIZED_RESOURCES_FOLDER_PATH}/leveldb_Privacy.bundle",
				"${TARGET_BUILD_DIR}/${UNLOCALIZED_RESOURCES_FOLDER_PATH}/nanopb_Privacy.bundle",
			);
			runOnlyForDeploymentPostprocessing = 0;
			shellPath = /bin/sh;
			shellScript = "\"${PODS_ROOT}/Target Support Files/Pods-Whappy/Pods-Whappy-resources.sh\"\n";
			showEnvVarsInLog = 0;
		};
/* End PBXShellScriptBuildPhase section */

/* Begin PBXSourcesBuildPhase section */
		EE60D9206BA8DF5E9E3AB450 /* Sources */ = {
			isa = PBXSourcesBuildPhase;
			buildActionMask = 2147483647;
			files = (
				1091B39926A8B06DF9F8D212 /* WapiDesignSystem.swift in Sources */,
				FA187FCEAA07A10E70A6F99D /* WapiNativeLive.swift in Sources */,
				A4D10E6B4D0C4C9A90D81101 /* WapiDirectCall.swift in Sources */,
				22B016002A95269368A8048B /* WhappyApp.swift in Sources */,
				11B0207AA705018209FC591F /* Models.swift in Sources */,
				EE1E0EDE0F98EAC9A095C7C2 /* WhappyStore.swift in Sources */,
				66CBF388013B39D5151995AD /* WhappyFirebaseMessaging.swift in Sources */,
				356D23B34B46DC3F7861A4A7 /* ContentView.swift in Sources */,
			);
			runOnlyForDeploymentPostprocessing = 0;
		};
/* End PBXSourcesBuildPhase section */

/* Begin XCBuildConfiguration section */
		64EC5B973A9B9FE9EC5AE306 /* Debug */ = {
			isa = XCBuildConfiguration;
			buildSettings = {
				ALWAYS_SEARCH_USER_PATHS = NO;
				CLANG_ANALYZER_NONNULL = YES;
				CLANG_ANALYZER_NUMBER_OBJECT_CONVERSION = YES_AGGRESSIVE;
				CLANG_CXX_LANGUAGE_STANDARD = "gnu++14";
				CLANG_CXX_LIBRARY = "libc++";
				CLANG_ENABLE_MODULES = YES;
				CLANG_ENABLE_OBJC_ARC = YES;
				CLANG_ENABLE_OBJC_WEAK = YES;
				CLANG_WARN_BLOCK_CAPTURE_AUTORELEASING = YES;
				CLANG_WARN_BOOL_CONVERSION = YES;
				CLANG_WARN_COMMA = YES;
				CLANG_WARN_CONSTANT_CONVERSION = YES;
				CLANG_WARN_DEPRECATED_OBJC_IMPLEMENTATIONS = YES;
				CLANG_WARN_DIRECT_OBJC_ISA_USAGE = YES_ERROR;
				CLANG_WARN_DOCUMENTATION_COMMENTS = YES;
				CLANG_WARN_EMPTY_BODY = YES;
				CLANG_WARN_ENUM_CONVERSION = YES;
				CLANG_WARN_INFINITE_RECURSION = YES;
				CLANG_WARN_INT_CONVERSION = YES;
				CLANG_WARN_NON_LITERAL_NULL_CONVERSION = YES;
				CLANG_WARN_OBJC_IMPLICIT_RETAIN_SELF = YES;
				CLANG_WARN_OBJC_LITERAL_CONVERSION = YES;
				CLANG_WARN_OBJC_ROOT_CLASS = YES_ERROR;
				CLANG_WARN_QUOTED_INCLUDE_IN_FRAMEWORK_HEADER = YES;
				CLANG_WARN_RANGE_LOOP_ANALYSIS = YES;
				CLANG_WARN_STRICT_PROTOTYPES = YES;
				CLANG_WARN_SUSPICIOUS_MOVE = YES;
				CLANG_WARN_UNGUARDED_AVAILABILITY = YES_AGGRESSIVE;
				CLANG_WARN_UNREACHABLE_CODE = YES;
				CLANG_WARN__DUPLICATE_METHOD_MATCH = YES;
				COPY_PHASE_STRIP = NO;
				DEBUG_INFORMATION_FORMAT = dwarf;
				ENABLE_STRICT_OBJC_MSGSEND = YES;
				ENABLE_TESTABILITY = YES;
				GCC_C_LANGUAGE_STANDARD = gnu11;
				GCC_DYNAMIC_NO_PIC = NO;
				GCC_NO_COMMON_BLOCKS = YES;
				GCC_OPTIMIZATION_LEVEL = 0;
				GCC_PREPROCESSOR_DEFINITIONS = (
					"DEBUG=1",
					"$(inherited)",
				);
				GCC_WARN_64_TO_32_BIT_CONVERSION = YES;
				GCC_WARN_ABOUT_RETURN_TYPE = YES_ERROR;
				GCC_WARN_UNDECLARED_SELECTOR = YES;
				GCC_WARN_UNINITIALIZED_AUTOS = YES_AGGRESSIVE;
				GCC_WARN_UNUSED_FUNCTION = YES;
				GCC_WARN_UNUSED_VARIABLE = YES;
				MTL_ENABLE_DEBUG_INFO = INCLUDE_SOURCE;
				MTL_FAST_MATH = YES;
				ONLY_ACTIVE_ARCH = YES;
				PRODUCT_NAME = "$(TARGET_NAME)";
				SWIFT_ACTIVE_COMPILATION_CONDITIONS = DEBUG;
				SWIFT_OPTIMIZATION_LEVEL = "-Onone";
				SWIFT_VERSION = 5.0;
			};
			name = Debug;
		};
		6E1C901DD35E782A9FED8751 /* Debug */ = {
			isa = XCBuildConfiguration;
			baseConfigurationReference = 8DF01E3B9B3EB1F437045FC6 /* Pods-Whappy.debug.xcconfig */;
			buildSettings = {
				ASSETCATALOG_COMPILER_APPICON_NAME = AppIcon;
				ASSETCATALOG_COMPILER_GLOBAL_ACCENT_COLOR_NAME = AccentColor;
				CLANG_ENABLE_OBJC_WEAK = NO;
				CODE_SIGN_STYLE = Automatic;
				CURRENT_PROJECT_VERSION = 217;
				ENABLE_PREVIEWS = YES;
				GENERATE_INFOPLIST_FILE = YES;
				INFOPLIST_KEY_CFBundleDisplayName = WAPI;
				INFOPLIST_KEY_LSApplicationCategoryType = "public.app-category.social-networking";
				INFOPLIST_KEY_NSCameraUsageDescription = "WAPI utilise la caméra pour les photos, vidéos et directs que vous choisissez de partager.";
				INFOPLIST_KEY_NSMicrophoneUsageDescription = "WAPI utilise le microphone pour les messages vocaux, appels et directs.";
				INFOPLIST_KEY_NSPhotoLibraryUsageDescription = "WAPI accède aux médias que vous choisissez de publier ou d’envoyer.";
				INFOPLIST_KEY_UIApplicationSceneManifest_Generation = YES;
				INFOPLIST_KEY_UIApplicationSupportsIndirectInputEvents = YES;
				INFOPLIST_KEY_UILaunchScreen_Generation = YES;
				INFOPLIST_KEY_UISupportedInterfaceOrientations_iPhone = UIInterfaceOrientationPortrait;
				IPHONEOS_DEPLOYMENT_TARGET = 17.0;
				LD_RUNPATH_SEARCH_PATHS = "$(inherited) @executable_path/Frameworks";
				MARKETING_VERSION = 2.1.7;
				OTHER_LDFLAGS = (
					"$(inherited)",
					"-ObjC",
				);
				PRODUCT_BUNDLE_IDENTIFIER = com.whappy.chat;
				PRODUCT_NAME = "$(TARGET_NAME)";
				SDKROOT = iphoneos;
				SWIFT_EMIT_LOC_STRINGS = YES;
				SWIFT_VERSION = 5.0;
				TARGETED_DEVICE_FAMILY = "1,2";
			};
			name = Debug;
		};
		D4EE20D33E53CCED396C8293 /* Release */ = {
			isa = XCBuildConfiguration;
			baseConfigurationReference = 9BDF6D9582D819B72636E14D /* Pods-Whappy.release.xcconfig */;
			buildSettings = {
				ASSETCATALOG_COMPILER_APPICON_NAME = AppIcon;
				ASSETCATALOG_COMPILER_GLOBAL_ACCENT_COLOR_NAME = AccentColor;
				CLANG_ENABLE_OBJC_WEAK = NO;
				CODE_SIGN_STYLE = Automatic;
				CURRENT_PROJECT_VERSION = 217;
				ENABLE_PREVIEWS = YES;
				GENERATE_INFOPLIST_FILE = YES;
				INFOPLIST_KEY_CFBundleDisplayName = WAPI;
				INFOPLIST_KEY_LSApplicationCategoryType = "public.app-category.social-networking";
				INFOPLIST_KEY_NSCameraUsageDescription = "WAPI utilise la caméra pour les photos, vidéos et directs que vous choisissez de partager.";
				INFOPLIST_KEY_NSMicrophoneUsageDescription = "WAPI utilise le microphone pour les messages vocaux, appels et directs.";
				INFOPLIST_KEY_NSPhotoLibraryUsageDescription = "WAPI accède aux médias que vous choisissez de publier ou d’envoyer.";
				INFOPLIST_KEY_UIApplicationSceneManifest_Generation = YES;
				INFOPLIST_KEY_UIApplicationSupportsIndirectInputEvents = YES;
				INFOPLIST_KEY_UILaunchScreen_Generation = YES;
				INFOPLIST_KEY_UISupportedInterfaceOrientations_iPhone = UIInterfaceOrientationPortrait;
				IPHONEOS_DEPLOYMENT_TARGET = 17.0;
				LD_RUNPATH_SEARCH_PATHS = "$(inherited) @executable_path/Frameworks";
				MARKETING_VERSION = 2.1.7;
				OTHER_LDFLAGS = (
					"$(inherited)",
					"-ObjC",
				);
				PRODUCT_BUNDLE_IDENTIFIER = com.whappy.chat;
				PRODUCT_NAME = "$(TARGET_NAME)";
				SDKROOT = iphoneos;
				SWIFT_EMIT_LOC_STRINGS = YES;
				SWIFT_VERSION = 5.0;
				TARGETED_DEVICE_FAMILY = "1,2";
				VALIDATE_PRODUCT = YES;
			};
			name = Release;
		};
		FBC275D7BF1E02C5EA271764 /* Release */ = {
			isa = XCBuildConfiguration;
			buildSettings = {
				ALWAYS_SEARCH_USER_PATHS = NO;
				CLANG_ANALYZER_NONNULL = YES;
				CLANG_ANALYZER_NUMBER_OBJECT_CONVERSION = YES_AGGRESSIVE;
				CLANG_CXX_LANGUAGE_STANDARD = "gnu++14";
				CLANG_CXX_LIBRARY = "libc++";
				CLANG_ENABLE_MODULES = YES;
				CLANG_ENABLE_OBJC_ARC = YES;
				CLANG_ENABLE_OBJC_WEAK = YES;
				CLANG_WARN_BLOCK_CAPTURE_AUTORELEASING = YES;
				CLANG_WARN_BOOL_CONVERSION = YES;
				CLANG_WARN_COMMA = YES;
				CLANG_WARN_CONSTANT_CONVERSION = YES;
				CLANG_WARN_DEPRECATED_OBJC_IMPLEMENTATIONS = YES;
				CLANG_WARN_DIRECT_OBJC_ISA_USAGE = YES_ERROR;
				CLANG_WARN_DOCUMENTATION_COMMENTS = YES;
				CLANG_WARN_EMPTY_BODY = YES;
				CLANG_WARN_ENUM_CONVERSION = YES;
				CLANG_WARN_INFINITE_RECURSION = YES;
				CLANG_WARN_INT_CONVERSION = YES;
				CLANG_WARN_NON_LITERAL_NULL_CONVERSION = YES;
				CLANG_WARN_OBJC_IMPLICIT_RETAIN_SELF = YES;
				CLANG_WARN_OBJC_LITERAL_CONVERSION = YES;
				CLANG_WARN_OBJC_ROOT_CLASS = YES_ERROR;
				CLANG_WARN_QUOTED_INCLUDE_IN_FRAMEWORK_HEADER = YES;
				CLANG_WARN_RANGE_LOOP_ANALYSIS = YES;
				CLANG_WARN_STRICT_PROTOTYPES = YES;
				CLANG_WARN_SUSPICIOUS_MOVE = YES;
				CLANG_WARN_UNGUARDED_AVAILABILITY = YES_AGGRESSIVE;
				CLANG_WARN_UNREACHABLE_CODE = YES;
				CLANG_WARN__DUPLICATE_METHOD_MATCH = YES;
				COPY_PHASE_STRIP = NO;
				DEBUG_INFORMATION_FORMAT = "dwarf-with-dsym";
				ENABLE_NS_ASSERTIONS = NO;
				ENABLE_STRICT_OBJC_MSGSEND = YES;
				GCC_C_LANGUAGE_STANDARD = gnu11;
				GCC_NO_COMMON_BLOCKS = YES;
				GCC_WARN_64_TO_32_BIT_CONVERSION = YES;
				GCC_WARN_ABOUT_RETURN_TYPE = YES_ERROR;
				GCC_WARN_UNDECLARED_SELECTOR = YES;
				GCC_WARN_UNINITIALIZED_AUTOS = YES_AGGRESSIVE;
				GCC_WARN_UNUSED_FUNCTION = YES;
				GCC_WARN_UNUSED_VARIABLE = YES;
				MTL_ENABLE_DEBUG_INFO = NO;
				MTL_FAST_MATH = YES;
				PRODUCT_NAME = "$(TARGET_NAME)";
				SWIFT_COMPILATION_MODE = wholemodule;
				SWIFT_OPTIMIZATION_LEVEL = "-O";
				SWIFT_VERSION = 5.0;
			};
			name = Release;
		};
/* End XCBuildConfiguration section */

/* Begin XCConfigurationList section */
		1A8986A749BD5BC2114B4462 /* Build configuration list for PBXNativeTarget "Whappy" */ = {
			isa = XCConfigurationList;
			buildConfigurations = (
				D4EE20D33E53CCED396C8293 /* Release */,
				6E1C901DD35E782A9FED8751 /* Debug */,
			);
			defaultConfigurationIsVisible = 0;
			defaultConfigurationName = Release;
		};
		C1D9C3BD2A10F12F083BF446 /* Build configuration list for PBXProject "Whappy" */ = {
			isa = XCConfigurationList;
			buildConfigurations = (
				64EC5B973A9B9FE9EC5AE306 /* Debug */,
				FBC275D7BF1E02C5EA271764 /* Release */,
			);
			defaultConfigurationIsVisible = 0;
			defaultConfigurationName = Release;
		};
/* End XCConfigurationList section */

/* Begin XCRemoteSwiftPackageReference section */
		4BCF0168EAA4B2F5BB30CBCD /* XCRemoteSwiftPackageReference "client-sdk-swift" */ = {
			isa = XCRemoteSwiftPackageReference;
			repositoryURL = "https://github.com/livekit/client-sdk-swift.git";
			requirement = {
				kind = upToNextMajorVersion;
				minimumVersion = 2.16.0;
			};
		};
		A4D10E6B4D0C4C9A90D81105 /* XCRemoteSwiftPackageReference "webrtc-xcframework" */ = {
			isa = XCRemoteSwiftPackageReference;
			repositoryURL = "https://github.com/livekit/webrtc-xcframework.git";
			requirement = {
				kind = exactVersion;
				version = 144.7559.11;
			};
		};
/* End XCRemoteSwiftPackageReference section */

/* Begin XCSwiftPackageProductDependency section */
		10F55801F4AF129DDD92974C /* LiveKit */ = {
			isa = XCSwiftPackageProductDependency;
			package = 4BCF0168EAA4B2F5BB30CBCD /* XCRemoteSwiftPackageReference "client-sdk-swift" */;
			productName = LiveKit;
		};
		A4D10E6B4D0C4C9A90D81104 /* LiveKitWebRTC */ = {
			isa = XCSwiftPackageProductDependency;
			package = A4D10E6B4D0C4C9A90D81105 /* XCRemoteSwiftPackageReference "webrtc-xcframework" */;
			productName = LiveKitWebRTC;
		};
/* End XCSwiftPackageProductDependency section */
	};
	rootObject = 5339433740005B1F452C3803 /* Project object */;
}
