// !$*UTF8*$!
{
	archiveVersion = 1;
	classes = {
	};
	objectVersion = 46;
	objects = {

/* Begin PBXBuildFile section */
		2AC379235DD43F5D5F84F8F1 /* Foundation.framework in Frameworks */ = {isa = PBXBuildFile; fileRef = 76C339A28DD2DF091179D6F7 /* Foundation.framework */; };
		498C73DDE0CC8E3133873482 /* WhappyApp.swift in Sources */ = {isa = PBXBuildFile; fileRef = 8EABF8171F58709E2C5B0F12 /* WhappyApp.swift */; };
		9C2CB180ED8F37614039D49E /* Assets.xcassets in Resources */ = {isa = PBXBuildFile; fileRef = 2B051EA69A4E547001AF5D40 /* Assets.xcassets */; };
		B6CD392DE2ECC83BFC76794D /* ContentView.swift in Sources */ = {isa = PBXBuildFile; fileRef = 7FF933C52E74B99CFD1DFBAD /* ContentView.swift */; };
		D7F13AFBB2758FA595D69698 /* WhappyStore.swift in Sources */ = {isa = PBXBuildFile; fileRef = ADB817DE22BA23FCD6DDEBF7 /* WhappyStore.swift */; };
		E14FD5E0F3CAFF37F7727338 /* Models.swift in Sources */ = {isa = PBXBuildFile; fileRef = 06804EB3AC0A383AE0043E2E /* Models.swift */; };
/* End PBXBuildFile section */

/* Begin PBXFileReference section */
		06804EB3AC0A383AE0043E2E /* Models.swift */ = {isa = PBXFileReference; includeInIndex = 1; lastKnownFileType = sourcecode.swift; path = Models.swift; sourceTree = "<group>"; };
		2B051EA69A4E547001AF5D40 /* Assets.xcassets */ = {isa = PBXFileReference; includeInIndex = 1; lastKnownFileType = folder.assetcatalog; path = Assets.xcassets; sourceTree = "<group>"; };
		76C339A28DD2DF091179D6F7 /* Foundation.framework */ = {isa = PBXFileReference; lastKnownFileType = wrapper.framework; name = Foundation.framework; path = Platforms/iPhoneOS.platform/Developer/SDKs/iPhoneOS26.0.sdk/System/Library/Frameworks/Foundation.framework; sourceTree = DEVELOPER_DIR; };
		7FF933C52E74B99CFD1DFBAD /* ContentView.swift */ = {isa = PBXFileReference; includeInIndex = 1; lastKnownFileType = sourcecode.swift; path = ContentView.swift; sourceTree = "<group>"; };
		8EABF8171F58709E2C5B0F12 /* WhappyApp.swift */ = {isa = PBXFileReference; includeInIndex = 1; lastKnownFileType = sourcecode.swift; path = WhappyApp.swift; sourceTree = "<group>"; };
		A5414DD64D31733C962730DD /* Whappy.app */ = {isa = PBXFileReference; explicitFileType = wrapper.application; includeInIndex = 0; path = Whappy.app; sourceTree = BUILT_PRODUCTS_DIR; };
		ADB817DE22BA23FCD6DDEBF7 /* WhappyStore.swift */ = {isa = PBXFileReference; includeInIndex = 1; lastKnownFileType = sourcecode.swift; path = WhappyStore.swift; sourceTree = "<group>"; };
/* End PBXFileReference section */

/* Begin PBXFrameworksBuildPhase section */
		5F83BC6903E04BEAE8A1174E /* Frameworks */ = {
			isa = PBXFrameworksBuildPhase;
			buildActionMask = 2147483647;
			files = (
				2AC379235DD43F5D5F84F8F1 /* Foundation.framework in Frameworks */,
			);
			runOnlyForDeploymentPostprocessing = 0;
		};
/* End PBXFrameworksBuildPhase section */

/* Begin PBXGroup section */
		21E8E4E876EE02AA0C2AF3A3 = {
			isa = PBXGroup;
			children = (
				8153F74B86E2373DEC84FD76 /* Products */,
				ED6CA7446758879382557DF0 /* Frameworks */,
				9C76177CDC1BFD44B483FE6E /* Whappy */,
			);
			sourceTree = "<group>";
		};
		8153F74B86E2373DEC84FD76 /* Products */ = {
			isa = PBXGroup;
			children = (
				A5414DD64D31733C962730DD /* Whappy.app */,
			);
			name = Products;
			sourceTree = "<group>";
		};
		9C76177CDC1BFD44B483FE6E /* Whappy */ = {
			isa = PBXGroup;
			children = (
				8EABF8171F58709E2C5B0F12 /* WhappyApp.swift */,
				06804EB3AC0A383AE0043E2E /* Models.swift */,
				ADB817DE22BA23FCD6DDEBF7 /* WhappyStore.swift */,
				7FF933C52E74B99CFD1DFBAD /* ContentView.swift */,
				2B051EA69A4E547001AF5D40 /* Assets.xcassets */,
			);
			name = Whappy;
			path = Whappy;
			sourceTree = "<group>";
		};
		E7BF32328F439FF8AE6B936E /* iOS */ = {
			isa = PBXGroup;
			children = (
				76C339A28DD2DF091179D6F7 /* Foundation.framework */,
			);
			name = iOS;
			sourceTree = "<group>";
		};
		ED6CA7446758879382557DF0 /* Frameworks */ = {
			isa = PBXGroup;
			children = (
				E7BF32328F439FF8AE6B936E /* iOS */,
			);
			name = Frameworks;
			sourceTree = "<group>";
		};
/* End PBXGroup section */

/* Begin PBXNativeTarget section */
		93F1FD3930ADC358D24A9598 /* Whappy */ = {
			isa = PBXNativeTarget;
			buildConfigurationList = E413BF39157ACC087D52B86E /* Build configuration list for PBXNativeTarget "Whappy" */;
			buildPhases = (
				C221545C33F129903E2D3A49 /* Sources */,
				5F83BC6903E04BEAE8A1174E /* Frameworks */,
				E96779D514E7293759E7DB41 /* Resources */,
			);
			buildRules = (
			);
			dependencies = (
			);
			name = Whappy;
			productName = Whappy;
			productReference = A5414DD64D31733C962730DD /* Whappy.app */;
			productType = "com.apple.product-type.application";
		};
/* End PBXNativeTarget section */

/* Begin PBXProject section */
		3E957960F12D51EB717A3C92 /* Project object */ = {
			isa = PBXProject;
			attributes = {
				LastSwiftUpdateCheck = 2660;
				LastUpgradeCheck = 2660;
			};
			buildConfigurationList = FB72A332871EF73AAA71B2D8 /* Build configuration list for PBXProject "Whappy" */;
			compatibilityVersion = "Xcode 3.2";
			developmentRegion = en;
			hasScannedForEncodings = 0;
			knownRegions = (
				en,
				Base,
			);
			mainGroup = 21E8E4E876EE02AA0C2AF3A3;
			minimizedProjectReferenceProxies = 0;
			preferredProjectObjectVersion = 100;
			productRefGroup = 8153F74B86E2373DEC84FD76 /* Products */;
			projectDirPath = "";
			projectRoot = "";
			targets = (
				93F1FD3930ADC358D24A9598 /* Whappy */,
			);
		};
/* End PBXProject section */

/* Begin PBXResourcesBuildPhase section */
		E96779D514E7293759E7DB41 /* Resources */ = {
			isa = PBXResourcesBuildPhase;
			buildActionMask = 2147483647;
			files = (
				9C2CB180ED8F37614039D49E /* Assets.xcassets in Resources */,
			);
			runOnlyForDeploymentPostprocessing = 0;
		};
/* End PBXResourcesBuildPhase section */

/* Begin PBXSourcesBuildPhase section */
		C221545C33F129903E2D3A49 /* Sources */ = {
			isa = PBXSourcesBuildPhase;
			buildActionMask = 2147483647;
			files = (
				498C73DDE0CC8E3133873482 /* WhappyApp.swift in Sources */,
				E14FD5E0F3CAFF37F7727338 /* Models.swift in Sources */,
				D7F13AFBB2758FA595D69698 /* WhappyStore.swift in Sources */,
				B6CD392DE2ECC83BFC76794D /* ContentView.swift in Sources */,
			);
			runOnlyForDeploymentPostprocessing = 0;
		};
/* End PBXSourcesBuildPhase section */

/* Begin XCBuildConfiguration section */
		1B8926632A412F037CAFF8B6 /* Debug */ = {
			isa = XCBuildConfiguration;
			buildSettings = {
				ASSETCATALOG_COMPILER_APPICON_NAME = AppIcon;
				ASSETCATALOG_COMPILER_GLOBAL_ACCENT_COLOR_NAME = AccentColor;
				CLANG_ENABLE_OBJC_WEAK = NO;
				CODE_SIGN_STYLE = Automatic;
				CURRENT_PROJECT_VERSION = 6;
				ENABLE_PREVIEWS = YES;
				GENERATE_INFOPLIST_FILE = NO;
				INFOPLIST_FILE = Whappy/Info.plist;
				INFOPLIST_KEY_CFBundleDisplayName = WHAPPY;
				INFOPLIST_KEY_LSApplicationCategoryType = "public.app-category.social-networking";
				INFOPLIST_KEY_NSCameraUsageDescription = "WHAPPY utilise la caméra pour les photos, vidéos et directs que vous choisissez de partager.";
				INFOPLIST_KEY_NSMicrophoneUsageDescription = "WHAPPY utilise le microphone pour les messages vocaux, appels et directs.";
				INFOPLIST_KEY_NSPhotoLibraryUsageDescription = "WHAPPY accède aux médias que vous choisissez de publier ou d’envoyer.";
				INFOPLIST_KEY_UIApplicationSceneManifest_Generation = YES;
				INFOPLIST_KEY_UIApplicationSupportsIndirectInputEvents = YES;
				INFOPLIST_KEY_UILaunchScreen_Generation = YES;
				INFOPLIST_KEY_UISupportedInterfaceOrientations_iPhone = UIInterfaceOrientationPortrait;
				IPHONEOS_DEPLOYMENT_TARGET = 17.0;
				LD_RUNPATH_SEARCH_PATHS = "$(inherited) @executable_path/Frameworks";
				MARKETING_VERSION = 1.3.1;
				PRODUCT_BUNDLE_IDENTIFIER = com.whappy.chat;
				PRODUCT_NAME = "$(TARGET_NAME)";
				SDKROOT = iphoneos;
				SWIFT_EMIT_LOC_STRINGS = YES;
				SWIFT_VERSION = 5.0;
				TARGETED_DEVICE_FAMILY = "1,2";
			};
			name = Debug;
		};
		38B8D09C66504322D0EB42DA /* Debug */ = {
			isa = XCBuildConfiguration;
			buildSettings = {
				ALWAYS_SEARCH_USER_PATHS = NO;
				CLANG_ANALYZER_NONNULL = YES;
				CLANG_ANALYZER_NUMBER_OBJECT_CONVERSION = YES_AGGRESSIVE;
				CLANG_CXX_LANGUAGE_STANDARD = "gnu++14";
				CLANG_CXX_LIBRARY = "libc++";
				CLANG_ENABLE_MODULES = YES;
				CLANG_ENABLE_OBJC_ARC = YES;
				CLANG_ENABLE_OBJC_WEAK = YES;
				CLANG_WARN_BLOCK_CAPTURE_AUTORELEASING = YES;
				CLANG_WARN_BOOL_CONVERSION = YES;
				CLANG_WARN_COMMA = YES;
				CLANG_WARN_CONSTANT_CONVERSION = YES;
				CLANG_WARN_DEPRECATED_OBJC_IMPLEMENTATIONS = YES;
				CLANG_WARN_DIRECT_OBJC_ISA_USAGE = YES_ERROR;
				CLANG_WARN_DOCUMENTATION_COMMENTS = YES;
				CLANG_WARN_EMPTY_BODY = YES;
				CLANG_WARN_ENUM_CONVERSION = YES;
				CLANG_WARN_INFINITE_RECURSION = YES;
				CLANG_WARN_INT_CONVERSION = YES;
				CLANG_WARN_NON_LITERAL_NULL_CONVERSION = YES;
				CLANG_WARN_OBJC_IMPLICIT_RETAIN_SELF = YES;
				CLANG_WARN_OBJC_LITERAL_CONVERSION = YES;
				CLANG_WARN_OBJC_ROOT_CLASS = YES_ERROR;
				CLANG_WARN_QUOTED_INCLUDE_IN_FRAMEWORK_HEADER = YES;
				CLANG_WARN_RANGE_LOOP_ANALYSIS = YES;
				CLANG_WARN_STRICT_PROTOTYPES = YES;
				CLANG_WARN_SUSPICIOUS_MOVE = YES;
				CLANG_WARN_UNGUARDED_AVAILABILITY = YES_AGGRESSIVE;
				CLANG_WARN_UNREACHABLE_CODE = YES;
				CLANG_WARN__DUPLICATE_METHOD_MATCH = YES;
				COPY_PHASE_STRIP = NO;
				DEBUG_INFORMATION_FORMAT = dwarf;
				ENABLE_STRICT_OBJC_MSGSEND = YES;
				ENABLE_TESTABILITY = YES;
				GCC_C_LANGUAGE_STANDARD = gnu11;
				GCC_DYNAMIC_NO_PIC = NO;
				GCC_NO_COMMON_BLOCKS = YES;
				GCC_OPTIMIZATION_LEVEL = 0;
				GCC_PREPROCESSOR_DEFINITIONS = (
					"DEBUG=1",
					"$(inherited)",
				);
				GCC_WARN_64_TO_32_BIT_CONVERSION = YES;
				GCC_WARN_ABOUT_RETURN_TYPE = YES_ERROR;
				GCC_WARN_UNDECLARED_SELECTOR = YES;
				GCC_WARN_UNINITIALIZED_AUTOS = YES_AGGRESSIVE;
				GCC_WARN_UNUSED_FUNCTION = YES;
				GCC_WARN_UNUSED_VARIABLE = YES;
				MTL_ENABLE_DEBUG_INFO = INCLUDE_SOURCE;
				MTL_FAST_MATH = YES;
				ONLY_ACTIVE_ARCH = YES;
				PRODUCT_NAME = "$(TARGET_NAME)";
				SWIFT_ACTIVE_COMPILATION_CONDITIONS = DEBUG;
				SWIFT_OPTIMIZATION_LEVEL = "-Onone";
				SWIFT_VERSION = 5.0;
			};
			name = Debug;
		};
		9E26D10366CABF0BE2E07D67 /* Release */ = {
			isa = XCBuildConfiguration;
			buildSettings = {
				ASSETCATALOG_COMPILER_APPICON_NAME = AppIcon;
				ASSETCATALOG_COMPILER_GLOBAL_ACCENT_COLOR_NAME = AccentColor;
				CLANG_ENABLE_OBJC_WEAK = NO;
				CODE_SIGN_STYLE = Automatic;
				CURRENT_PROJECT_VERSION = 6;
				ENABLE_PREVIEWS = YES;
				GENERATE_INFOPLIST_FILE = NO;
				INFOPLIST_FILE = Whappy/Info.plist;
				INFOPLIST_KEY_CFBundleDisplayName = WHAPPY;
				INFOPLIST_KEY_LSApplicationCategoryType = "public.app-category.social-networking";
				INFOPLIST_KEY_NSCameraUsageDescription = "WHAPPY utilise la caméra pour les photos, vidéos et directs que vous choisissez de partager.";
				INFOPLIST_KEY_NSMicrophoneUsageDescription = "WHAPPY utilise le microphone pour les messages vocaux, appels et directs.";
				INFOPLIST_KEY_NSPhotoLibraryUsageDescription = "WHAPPY accède aux médias que vous choisissez de publier ou d’envoyer.";
				INFOPLIST_KEY_UIApplicationSceneManifest_Generation = YES;
				INFOPLIST_KEY_UIApplicationSupportsIndirectInputEvents = YES;
				INFOPLIST_KEY_UILaunchScreen_Generation = YES;
				INFOPLIST_KEY_UISupportedInterfaceOrientations_iPhone = UIInterfaceOrientationPortrait;
				IPHONEOS_DEPLOYMENT_TARGET = 17.0;
				LD_RUNPATH_SEARCH_PATHS = "$(inherited) @executable_path/Frameworks";
				MARKETING_VERSION = 1.3.1;
				PRODUCT_BUNDLE_IDENTIFIER = com.whappy.chat;
				PRODUCT_NAME = "$(TARGET_NAME)";
				SDKROOT = iphoneos;
				SWIFT_EMIT_LOC_STRINGS = YES;
				SWIFT_VERSION = 5.0;
				TARGETED_DEVICE_FAMILY = "1,2";
				VALIDATE_PRODUCT = YES;
			};
			name = Release;
		};
		F91BD8B07373C2239315F6C9 /* Release */ = {
			isa = XCBuildConfiguration;
			buildSettings = {
				ALWAYS_SEARCH_USER_PATHS = NO;
				CLANG_ANALYZER_NONNULL = YES;
				CLANG_ANALYZER_NUMBER_OBJECT_CONVERSION = YES_AGGRESSIVE;
				CLANG_CXX_LANGUAGE_STANDARD = "gnu++14";
				CLANG_CXX_LIBRARY = "libc++";
				CLANG_ENABLE_MODULES = YES;
				CLANG_ENABLE_OBJC_ARC = YES;
				CLANG_ENABLE_OBJC_WEAK = YES;
				CLANG_WARN_BLOCK_CAPTURE_AUTORELEASING = YES;
				CLANG_WARN_BOOL_CONVERSION = YES;
				CLANG_WARN_COMMA = YES;
				CLANG_WARN_CONSTANT_CONVERSION = YES;
				CLANG_WARN_DEPRECATED_OBJC_IMPLEMENTATIONS = YES;
				CLANG_WARN_DIRECT_OBJC_ISA_USAGE = YES_ERROR;
				CLANG_WARN_DOCUMENTATION_COMMENTS = YES;
				CLANG_WARN_EMPTY_BODY = YES;
				CLANG_WARN_ENUM_CONVERSION = YES;
				CLANG_WARN_INFINITE_RECURSION = YES;
				CLANG_WARN_INT_CONVERSION = YES;
				CLANG_WARN_NON_LITERAL_NULL_CONVERSION = YES;
				CLANG_WARN_OBJC_IMPLICIT_RETAIN_SELF = YES;
				CLANG_WARN_OBJC_LITERAL_CONVERSION = YES;
				CLANG_WARN_OBJC_ROOT_CLASS = YES_ERROR;
				CLANG_WARN_QUOTED_INCLUDE_IN_FRAMEWORK_HEADER = YES;
				CLANG_WARN_RANGE_LOOP_ANALYSIS = YES;
				CLANG_WARN_STRICT_PROTOTYPES = YES;
				CLANG_WARN_SUSPICIOUS_MOVE = YES;
				CLANG_WARN_UNGUARDED_AVAILABILITY = YES_AGGRESSIVE;
				CLANG_WARN_UNREACHABLE_CODE = YES;
				CLANG_WARN__DUPLICATE_METHOD_MATCH = YES;
				COPY_PHASE_STRIP = NO;
				DEBUG_INFORMATION_FORMAT = "dwarf-with-dsym";
				ENABLE_NS_ASSERTIONS = NO;
				ENABLE_STRICT_OBJC_MSGSEND = YES;
				GCC_C_LANGUAGE_STANDARD = gnu11;
				GCC_NO_COMMON_BLOCKS = YES;
				GCC_WARN_64_TO_32_BIT_CONVERSION = YES;
				GCC_WARN_ABOUT_RETURN_TYPE = YES_ERROR;
				GCC_WARN_UNDECLARED_SELECTOR = YES;
				GCC_WARN_UNINITIALIZED_AUTOS = YES_AGGRESSIVE;
				GCC_WARN_UNUSED_FUNCTION = YES;
				GCC_WARN_UNUSED_VARIABLE = YES;
				MTL_ENABLE_DEBUG_INFO = NO;
				MTL_FAST_MATH = YES;
				PRODUCT_NAME = "$(TARGET_NAME)";
				SWIFT_COMPILATION_MODE = wholemodule;
				SWIFT_OPTIMIZATION_LEVEL = "-O";
				SWIFT_VERSION = 5.0;
			};
			name = Release;
		};
/* End XCBuildConfiguration section */

/* Begin XCConfigurationList section */
		E413BF39157ACC087D52B86E /* Build configuration list for PBXNativeTarget "Whappy" */ = {
			isa = XCConfigurationList;
			buildConfigurations = (
				9E26D10366CABF0BE2E07D67 /* Release */,
				1B8926632A412F037CAFF8B6 /* Debug */,
			);
			defaultConfigurationIsVisible = 0;
			defaultConfigurationName = Release;
		};
		FB72A332871EF73AAA71B2D8 /* Build configuration list for PBXProject "Whappy" */ = {
			isa = XCConfigurationList;
			buildConfigurations = (
				38B8D09C66504322D0EB42DA /* Debug */,
				F91BD8B07373C2239315F6C9 /* Release */,
			);
			defaultConfigurationIsVisible = 0;
			defaultConfigurationName = Release;
		};
/* End XCConfigurationList section */
	};
	rootObject = 3E957960F12D51EB717A3C92 /* Project object */;
}
